
Microsoft Visual Studio Solution File, Format Version 12.00
# Visual Studio Version 16
VisualStudioVersion = 16.0.29123.88
MinimumVisualStudioVersion = 10.0.40219.1
Project("{FAE04EC0-301F-11D3-BF4B-00C04F79EFBC}") = "EzerMitzionVacations", "EzerMitzionVacations\EzerMitzionVacations.csproj", "{EC2DC102-BBC5-4AD9-AE5B-F4C74B4F07E4}"
EndProject
Global
	GlobalSection(SolutionConfigurationPlatforms) = preSolution
		Debug|Any CPU = Debug|Any CPU
		Release|Any CPU = Release|Any CPU
	EndGlobalSection
	GlobalSection(ProjectConfigurationPlatforms) = postSolution
		{EC2DC102-BBC5-4AD9-AE5B-F4C74B4F07E4}.Debug|Any CPU.ActiveCfg = Debug|Any CPU
		{EC2DC102-BBC5-4AD9-AE5B-F4C74B4F07E4}.Debug|Any CPU.Build.0 = Debug|Any CPU
		{EC2DC102-BBC5-4AD9-AE5B-F4C74B4F07E4}.Release|Any CPU.ActiveCfg = Release|Any CPU
		{EC2DC102-BBC5-4AD9-AE5B-F4C74B4F07E4}.Release|Any CPU.Build.0 = Release|Any CPU
	EndGlobalSection
	GlobalSection(SolutionProperties) = preSolution
		HideSolutionNode = FALSE
	EndGlobalSection
	GlobalSection(ExtensibilityGlobals) = postSolution
		SolutionGuid = {EE7474AE-820B-4A87-A0E5-F5D67100F918}
	EndGlobalSection
EndGlobal
